// !$*UTF8*$!
{
	archiveVersion = 1;
	classes = {
	};
	objectVersion = 71;
	objects = {

/* Begin PBXBuildFile section */
		A1000000000000000000003F /* HealthSessionCoordinator.swift in Sources */ = {isa = PBXBuildFile; fileRef = A2000000000000000000003F /* HealthSessionCoordinator.swift */; };
		A10000000000000000000040 /* HealthSessionCoordinatorTests.swift in Sources */ = {isa = PBXBuildFile; fileRef = A20000000000000000000040 /* HealthSessionCoordinatorTests.swift */; };
		A10000000000000000000041 /* HealthKitIntegrationTests.swift in Sources */ = {isa = PBXBuildFile; fileRef = A20000000000000000000041 /* HealthKitIntegrationTests.swift */; };
		A1000000000000000000003E /* SessionHistorySyncPersistenceTests.swift in Sources */ = {isa = PBXBuildFile; fileRef = A2000000000000000000003E /* SessionHistorySyncPersistenceTests.swift */; };
		A1000000000000000000003D /* CloudKitDeviceTests.swift in Sources */ = {isa = PBXBuildFile; fileRef = A2000000000000000000003D /* CloudKitDeviceTests.swift */; };
		A1000000000000000000003C /* SessionHistorySyncCoordinator.swift in Sources */ = {isa = PBXBuildFile; fileRef = A2000000000000000000003C /* SessionHistorySyncCoordinator.swift */; };
		A1000000000000000000003B /* SessionHistorySyncState.swift in Sources */ = {isa = PBXBuildFile; fileRef = A2000000000000000000003B /* SessionHistorySyncState.swift */; };
		A10000000000000000000001 /* PlanetCalmApp.swift in Sources */ = {isa = PBXBuildFile; fileRef = A20000000000000000000001 /* PlanetCalmApp.swift */; };
		A10000000000000000000003 /* FocusSession.swift in Sources */ = {isa = PBXBuildFile; fileRef = A20000000000000000000003 /* FocusSession.swift */; };
		A10000000000000000000004 /* Story.swift in Sources */ = {isa = PBXBuildFile; fileRef = A20000000000000000000004 /* Story.swift */; };
		A10000000000000000000005 /* StoryDirector.swift in Sources */ = {isa = PBXBuildFile; fileRef = A20000000000000000000005 /* StoryDirector.swift */; };
		A10000000000000000000006 /* AutumnTreeDirector.swift in Sources */ = {isa = PBXBuildFile; fileRef = A20000000000000000000006 /* AutumnTreeDirector.swift */; };
		A10000000000000000000007 /* RootView.swift in Sources */ = {isa = PBXBuildFile; fileRef = A20000000000000000000007 /* RootView.swift */; };
		A1000000000000000000000A /* PlanetCalmTests.swift in Sources */ = {isa = PBXBuildFile; fileRef = A2000000000000000000000A /* PlanetCalmTests.swift */; };
		A1000000000000000000000B /* Assets.xcassets in Resources */ = {isa = PBXBuildFile; fileRef = A2000000000000000000000D /* Assets.xcassets */; };
		A1000000000000000000000E /* RandomMomentScheduler.swift in Sources */ = {isa = PBXBuildFile; fileRef = A2000000000000000000000E /* RandomMomentScheduler.swift */; };
		A1000000000000000000000F /* StoryModule.swift in Sources */ = {isa = PBXBuildFile; fileRef = A2000000000000000000000F /* StoryModule.swift */; };
		A10000000000000000000010 /* StoryPlayer.swift in Sources */ = {isa = PBXBuildFile; fileRef = A20000000000000000000010 /* StoryPlayer.swift */; };
		A10000000000000000000013 /* AutumnArtwork.swift in Sources */ = {isa = PBXBuildFile; fileRef = A20000000000000000000013 /* AutumnArtwork.swift */; };
		A10000000000000000000014 /* Assets/Stories/AutumnTree/SceneV1 in Resources */ = {isa = PBXBuildFile; fileRef = A20000000000000000000014 /* Assets/Stories/AutumnTree/SceneV1 */; };
		A10000000000000000000016 /* SeededRandomNumberGenerator.swift in Sources */ = {isa = PBXBuildFile; fileRef = A20000000000000000000016 /* SeededRandomNumberGenerator.swift */; };
		A10000000000000000000017 /* LeafGravityLabConfiguration.swift in Sources */ = {isa = PBXBuildFile; fileRef = A20000000000000000000017 /* LeafGravityLabConfiguration.swift */; };
		A10000000000000000000018 /* LeafAerodynamics.swift in Sources */ = {isa = PBXBuildFile; fileRef = A20000000000000000000018 /* LeafAerodynamics.swift */; };
		A1000000000000000000001B /* Assets/Stories/AutumnTree/LeafAerodynamicsV1 in Resources */ = {isa = PBXBuildFile; fileRef = A2000000000000000000001B /* Assets/Stories/AutumnTree/LeafAerodynamicsV1 */; };
		A1000000000000000000001C /* WindField.swift in Sources */ = {isa = PBXBuildFile; fileRef = A2000000000000000000001C /* WindField.swift */; };
		A10000000000000000000028 /* PlanetCalmUITests.swift in Sources */ = {isa = PBXBuildFile; fileRef = A20000000000000000000028 /* PlanetCalmUITests.swift */; };
		A1000000000000000000002A /* ContemporaryLotusDirector.swift in Sources */ = {isa = PBXBuildFile; fileRef = A2000000000000000000002A /* ContemporaryLotusDirector.swift */; };
		A1000000000000000000002B /* StorySceneCatalog.swift in Sources */ = {isa = PBXBuildFile; fileRef = A2000000000000000000002B /* StorySceneCatalog.swift */; };
		A1000000000000000000002C /* ContemporaryLotusStageView.swift in Sources */ = {isa = PBXBuildFile; fileRef = A2000000000000000000002C /* ContemporaryLotusStageView.swift */; };
		A1000000000000000000002D /* ContemporaryLotusSceneData.swift in Sources */ = {isa = PBXBuildFile; fileRef = A2000000000000000000002D /* ContemporaryLotusSceneData.swift */; };
		A1000000000000000000002E /* Assets/Stories/ContemporaryLotus/PondStageV1 in Resources */ = {isa = PBXBuildFile; fileRef = A2000000000000000000002E /* Assets/Stories/ContemporaryLotus/PondStageV1 */; };
		A10000000000000000000031 /* SplashScreenView.swift in Sources */ = {isa = PBXBuildFile; fileRef = A20000000000000000000031 /* SplashScreenView.swift */; };
		A10000000000000000000032 /* StoryLibraryView.swift in Sources */ = {isa = PBXBuildFile; fileRef = A20000000000000000000032 /* StoryLibraryView.swift */; };
		A10000000000000000000034 /* PlanetFocusDesign.swift in Sources */ = {isa = PBXBuildFile; fileRef = A20000000000000000000034 /* PlanetFocusDesign.swift */; };
		A10000000000000000000035 /* Assets/Fonts in Resources */ = {isa = PBXBuildFile; fileRef = A20000000000000000000035 /* Assets/Fonts */; };
		900000000000000000000001 /* PerformanceAudioAssetCatalog.swift in Sources */ = {isa = PBXBuildFile; fileRef = 900100000000000000000001 /* PerformanceAudioAssetCatalog.swift */; };
		900000000000000000000002 /* Assets/Audio in Resources */ = {isa = PBXBuildFile; fileRef = 900100000000000000000002 /* Assets/Audio */; };
		A10000000000000000000036 /* SplashAtmosphereDirector.swift in Sources */ = {isa = PBXBuildFile; fileRef = A20000000000000000000036 /* SplashAtmosphereDirector.swift */; };
		A10000000000000000000037 /* PerformanceRunner.swift in Sources */ = {isa = PBXBuildFile; fileRef = A20000000000000000000037 /* PerformanceRunner.swift */; };
		A10000000000000000000038 /* SunriseSkyView.swift in Sources */ = {isa = PBXBuildFile; fileRef = A20000000000000000000038 /* SunriseSkyView.swift */; };
		A10000000000000000000039 /* SunriseSky.metal in Sources */ = {isa = PBXBuildFile; fileRef = A20000000000000000000039 /* SunriseSky.metal */; };
		A1000000000000000000003A /* SessionLifecycle.swift in Sources */ = {isa = PBXBuildFile; fileRef = A2000000000000000000003A /* SessionLifecycle.swift */; };
		B10000000000000000000001 /* SplashMusicDirector.swift in Sources */ = {isa = PBXBuildFile; fileRef = B20000000000000000000001 /* SplashMusicDirector.swift */; };
		B10000000000000000000002 /* PerformanceSynthesizer.swift in Sources */ = {isa = PBXBuildFile; fileRef = B20000000000000000000002 /* PerformanceSynthesizer.swift */; };
		C10000000000000000000001 /* PerformanceNoteEvent.swift in Sources */ = {isa = PBXBuildFile; fileRef = C20000000000000000000001 /* PerformanceNoteEvent.swift */; };
		C10000000000000000000002 /* AutumnBranchPerformance.swift in Sources */ = {isa = PBXBuildFile; fileRef = C20000000000000000000002 /* AutumnBranchPerformance.swift */; };
		C10000000000000000000003 /* AutumnBranchSceneView.swift in Sources */ = {isa = PBXBuildFile; fileRef = C20000000000000000000003 /* AutumnBranchSceneView.swift */; };
		D10000000000000000000001 /* AutumnOrigamiFlight.swift in Sources */ = {isa = PBXBuildFile; fileRef = D20000000000000000000001 /* AutumnOrigamiFlight.swift */; };
		D10000000000000000000002 /* AutumnOrigamiBirdLayer.swift in Sources */ = {isa = PBXBuildFile; fileRef = D20000000000000000000002 /* AutumnOrigamiBirdLayer.swift */; };
		E10000000000000000000001 /* AutumnDeerEncounter.swift in Sources */ = {isa = PBXBuildFile; fileRef = E20000000000000000000001 /* AutumnDeerEncounter.swift */; };
		E10000000000000000000002 /* AutumnOrigamiDeerLayer.swift in Sources */ = {isa = PBXBuildFile; fileRef = E20000000000000000000002 /* AutumnOrigamiDeerLayer.swift */; };
		F10000000000000000000001 /* PlanetFocusCountdownAttributes.swift in Sources */ = {isa = PBXBuildFile; fileRef = F20000000000000000000001 /* PlanetFocusCountdownAttributes.swift */; };
		F10000000000000000000002 /* LiveActivitySessionCoordinator.swift in Sources */ = {isa = PBXBuildFile; fileRef = F20000000000000000000002 /* LiveActivitySessionCoordinator.swift */; };
		F10000000000000000000003 /* PlanetFocusCountdownAttributes.swift in Sources */ = {isa = PBXBuildFile; fileRef = F20000000000000000000001 /* PlanetFocusCountdownAttributes.swift */; };
		F10000000000000000000004 /* PlanetFocusCountdownLiveActivity.swift in Sources */ = {isa = PBXBuildFile; fileRef = F20000000000000000000003 /* PlanetFocusCountdownLiveActivity.swift */; };
		F10000000000000000000005 /* PlanetCalmLiveActivity.appex in Embed App Extensions */ = {isa = PBXBuildFile; fileRef = F20000000000000000000004 /* PlanetCalmLiveActivity.appex */; settings = {ATTRIBUTES = (RemoveHeadersOnCopy, ); }; };
		900000000000000000000003 /* SplashSamplePlan.swift in Sources */ = {isa = PBXBuildFile; fileRef = 900100000000000000000003 /* SplashSamplePlan.swift */; };
		900000000000000000000004 /* PerformanceSampleEngine.swift in Sources */ = {isa = PBXBuildFile; fileRef = 900100000000000000000004 /* PerformanceSampleEngine.swift */; };
/* End PBXBuildFile section */

/* Begin PBXContainerItemProxy section */
		A80000000000000000000002 /* PBXContainerItemProxy */ = {
			isa = PBXContainerItemProxy;
			containerPortal = A90000000000000000000001 /* Project object */;
			proxyType = 1;
			remoteGlobalIDString = A50000000000000000000001;
			remoteInfo = PlanetCalm;
		};
		A80000000000000000000004 /* PBXContainerItemProxy */ = {
			isa = PBXContainerItemProxy;
			containerPortal = A90000000000000000000001 /* Project object */;
			proxyType = 1;
			remoteGlobalIDString = A50000000000000000000001;
			remoteInfo = PlanetCalm;
		};
		F80000000000000000000002 /* PBXContainerItemProxy */ = {
			isa = PBXContainerItemProxy;
			containerPortal = A90000000000000000000001 /* Project object */;
			proxyType = 1;
			remoteGlobalIDString = F50000000000000000000001;
			remoteInfo = PlanetCalmLiveActivity;
		};
/* End PBXContainerItemProxy section */

/* Begin PBXCopyFilesBuildPhase section */
		F30000000000000000000002 /* Embed App Extensions */ = {
			isa = PBXCopyFilesBuildPhase;
			buildActionMask = 2147483647;
			dstPath = "";
			dstSubfolderSpec = 13;
			files = (
				F10000000000000000000005 /* PlanetCalmLiveActivity.appex in Embed App Extensions */,
			);
			name = "Embed App Extensions";
			runOnlyForDeploymentPostprocessing = 0;
		};
/* End PBXCopyFilesBuildPhase section */

/* Begin PBXFileReference section */
		A2000000000000000000003F /* HealthSessionCoordinator.swift */ = {isa = PBXFileReference; lastKnownFileType = sourcecode.swift; path = HealthSessionCoordinator.swift; sourceTree = "<group>"; };
		A20000000000000000000040 /* HealthSessionCoordinatorTests.swift */ = {isa = PBXFileReference; lastKnownFileType = sourcecode.swift; path = HealthSessionCoordinatorTests.swift; sourceTree = "<group>"; };
		A20000000000000000000041 /* HealthKitIntegrationTests.swift */ = {isa = PBXFileReference; lastKnownFileType = sourcecode.swift; path = HealthKitIntegrationTests.swift; sourceTree = "<group>"; };
		A2000000000000000000003E /* SessionHistorySyncPersistenceTests.swift */ = {isa = PBXFileReference; lastKnownFileType = sourcecode.swift; path = SessionHistorySyncPersistenceTests.swift; sourceTree = "<group>"; };
		A2000000000000000000003D /* CloudKitDeviceTests.swift */ = {isa = PBXFileReference; lastKnownFileType = sourcecode.swift; path = CloudKitDeviceTests.swift; sourceTree = "<group>"; };
		A2000000000000000000003C /* SessionHistorySyncCoordinator.swift */ = {isa = PBXFileReference; lastKnownFileType = sourcecode.swift; path = SessionHistorySyncCoordinator.swift; sourceTree = "<group>"; };
		A2000000000000000000003B /* SessionHistorySyncState.swift */ = {isa = PBXFileReference; lastKnownFileType = sourcecode.swift; path = SessionHistorySyncState.swift; sourceTree = "<group>"; };
		A20000000000000000000001 /* PlanetCalmApp.swift */ = {isa = PBXFileReference; lastKnownFileType = sourcecode.swift; path = PlanetCalmApp.swift; sourceTree = "<group>"; };
		A20000000000000000000003 /* FocusSession.swift */ = {isa = PBXFileReference; lastKnownFileType = sourcecode.swift; path = FocusSession.swift; sourceTree = "<group>"; };
		A20000000000000000000004 /* Story.swift */ = {isa = PBXFileReference; lastKnownFileType = sourcecode.swift; path = Story.swift; sourceTree = "<group>"; };
		A20000000000000000000005 /* StoryDirector.swift */ = {isa = PBXFileReference; lastKnownFileType = sourcecode.swift; path = StoryDirector.swift; sourceTree = "<group>"; };
		A20000000000000000000006 /* AutumnTreeDirector.swift */ = {isa = PBXFileReference; lastKnownFileType = sourcecode.swift; path = AutumnTreeDirector.swift; sourceTree = "<group>"; };
		A20000000000000000000007 /* RootView.swift */ = {isa = PBXFileReference; lastKnownFileType = sourcecode.swift; path = RootView.swift; sourceTree = "<group>"; };
		A2000000000000000000000A /* PlanetCalmTests.swift */ = {isa = PBXFileReference; lastKnownFileType = sourcecode.swift; path = PlanetCalmTests.swift; sourceTree = "<group>"; };
		A2000000000000000000000B /* PlanetCalm.app */ = {isa = PBXFileReference; explicitFileType = wrapper.application; includeInIndex = 0; path = PlanetCalm.app; sourceTree = BUILT_PRODUCTS_DIR; };
		A2000000000000000000000C /* PlanetCalmTests.xctest */ = {isa = PBXFileReference; explicitFileType = wrapper.cfbundle; includeInIndex = 0; path = PlanetCalmTests.xctest; sourceTree = BUILT_PRODUCTS_DIR; };
		A2000000000000000000000D /* Assets.xcassets */ = {isa = PBXFileReference; lastKnownFileType = folder.assetcatalog; path = Assets.xcassets; sourceTree = "<group>"; };
		A2000000000000000000000E /* RandomMomentScheduler.swift */ = {isa = PBXFileReference; lastKnownFileType = sourcecode.swift; path = RandomMomentScheduler.swift; sourceTree = "<group>"; };
		A2000000000000000000000F /* StoryModule.swift */ = {isa = PBXFileReference; lastKnownFileType = sourcecode.swift; path = StoryModule.swift; sourceTree = "<group>"; };
		A20000000000000000000010 /* StoryPlayer.swift */ = {isa = PBXFileReference; lastKnownFileType = sourcecode.swift; path = StoryPlayer.swift; sourceTree = "<group>"; };
		A20000000000000000000013 /* AutumnArtwork.swift */ = {isa = PBXFileReference; lastKnownFileType = sourcecode.swift; path = AutumnArtwork.swift; sourceTree = "<group>"; };
		A20000000000000000000014 /* Assets/Stories/AutumnTree/SceneV1 */ = {isa = PBXFileReference; lastKnownFileType = folder; path = Assets/Stories/AutumnTree/SceneV1; sourceTree = "<group>"; };
		A20000000000000000000016 /* SeededRandomNumberGenerator.swift */ = {isa = PBXFileReference; lastKnownFileType = sourcecode.swift; path = SeededRandomNumberGenerator.swift; sourceTree = "<group>"; };
		A20000000000000000000017 /* LeafGravityLabConfiguration.swift */ = {isa = PBXFileReference; lastKnownFileType = sourcecode.swift; path = LeafGravityLabConfiguration.swift; sourceTree = "<group>"; };
		A20000000000000000000018 /* LeafAerodynamics.swift */ = {isa = PBXFileReference; lastKnownFileType = sourcecode.swift; path = LeafAerodynamics.swift; sourceTree = "<group>"; };
		A2000000000000000000001B /* Assets/Stories/AutumnTree/LeafAerodynamicsV1 */ = {isa = PBXFileReference; lastKnownFileType = folder; path = Assets/Stories/AutumnTree/LeafAerodynamicsV1; sourceTree = "<group>"; };
		A2000000000000000000001C /* WindField.swift */ = {isa = PBXFileReference; lastKnownFileType = sourcecode.swift; path = WindField.swift; sourceTree = "<group>"; };
		A20000000000000000000028 /* PlanetCalmUITests.swift */ = {isa = PBXFileReference; lastKnownFileType = sourcecode.swift; path = PlanetCalmUITests.swift; sourceTree = "<group>"; };
		A20000000000000000000029 /* PlanetCalmUITests.xctest */ = {isa = PBXFileReference; explicitFileType = wrapper.cfbundle; includeInIndex = 0; path = PlanetCalmUITests.xctest; sourceTree = BUILT_PRODUCTS_DIR; };
		A2000000000000000000002A /* ContemporaryLotusDirector.swift */ = {isa = PBXFileReference; lastKnownFileType = sourcecode.swift; path = ContemporaryLotusDirector.swift; sourceTree = "<group>"; };
		A2000000000000000000002B /* StorySceneCatalog.swift */ = {isa = PBXFileReference; lastKnownFileType = sourcecode.swift; path = StorySceneCatalog.swift; sourceTree = "<group>"; };
		A2000000000000000000002C /* ContemporaryLotusStageView.swift */ = {isa = PBXFileReference; lastKnownFileType = sourcecode.swift; path = ContemporaryLotusStageView.swift; sourceTree = "<group>"; };
		A2000000000000000000002D /* ContemporaryLotusSceneData.swift */ = {isa = PBXFileReference; lastKnownFileType = sourcecode.swift; path = ContemporaryLotusSceneData.swift; sourceTree = "<group>"; };
		A2000000000000000000002E /* Assets/Stories/ContemporaryLotus/PondStageV1 */ = {isa = PBXFileReference; lastKnownFileType = folder; path = Assets/Stories/ContemporaryLotus/PondStageV1; sourceTree = "<group>"; };
		A20000000000000000000031 /* SplashScreenView.swift */ = {isa = PBXFileReference; lastKnownFileType = sourcecode.swift; path = SplashScreenView.swift; sourceTree = "<group>"; };
		A20000000000000000000032 /* StoryLibraryView.swift */ = {isa = PBXFileReference; lastKnownFileType = sourcecode.swift; path = StoryLibraryView.swift; sourceTree = "<group>"; };
		A20000000000000000000034 /* PlanetFocusDesign.swift */ = {isa = PBXFileReference; lastKnownFileType = sourcecode.swift; path = PlanetFocusDesign.swift; sourceTree = "<group>"; };
		A20000000000000000000035 /* Assets/Fonts */ = {isa = PBXFileReference; lastKnownFileType = folder; path = Assets/Fonts; sourceTree = "<group>"; };
		900100000000000000000001 /* PerformanceAudioAssetCatalog.swift */ = {isa = PBXFileReference; lastKnownFileType = sourcecode.swift; path = PerformanceAudioAssetCatalog.swift; sourceTree = "<group>"; };
		900100000000000000000002 /* Assets/Audio */ = {isa = PBXFileReference; lastKnownFileType = folder; path = Assets/Audio; sourceTree = "<group>"; };
		A20000000000000000000036 /* SplashAtmosphereDirector.swift */ = {isa = PBXFileReference; lastKnownFileType = sourcecode.swift; path = SplashAtmosphereDirector.swift; sourceTree = "<group>"; };
		A20000000000000000000037 /* PerformanceRunner.swift */ = {isa = PBXFileReference; lastKnownFileType = sourcecode.swift; path = PerformanceRunner.swift; sourceTree = "<group>"; };
		A20000000000000000000038 /* SunriseSkyView.swift */ = {isa = PBXFileReference; lastKnownFileType = sourcecode.swift; path = SunriseSkyView.swift; sourceTree = "<group>"; };
		A20000000000000000000039 /* SunriseSky.metal */ = {isa = PBXFileReference; lastKnownFileType = sourcecode.metal; path = SunriseSky.metal; sourceTree = "<group>"; };
		A2000000000000000000003A /* SessionLifecycle.swift */ = {isa = PBXFileReference; lastKnownFileType = sourcecode.swift; path = SessionLifecycle.swift; sourceTree = "<group>"; };
		A3407D1430538F1000EAE1F3 /* PlanetCalm.entitlements */ = {isa = PBXFileReference; lastKnownFileType = text.plist.entitlements; path = PlanetCalm.entitlements; sourceTree = "<group>"; };
		B20000000000000000000001 /* SplashMusicDirector.swift */ = {isa = PBXFileReference; lastKnownFileType = sourcecode.swift; path = SplashMusicDirector.swift; sourceTree = "<group>"; };
		B20000000000000000000002 /* PerformanceSynthesizer.swift */ = {isa = PBXFileReference; lastKnownFileType = sourcecode.swift; path = PerformanceSynthesizer.swift; sourceTree = "<group>"; };
		C20000000000000000000001 /* PerformanceNoteEvent.swift */ = {isa = PBXFileReference; lastKnownFileType = sourcecode.swift; path = PerformanceNoteEvent.swift; sourceTree = "<group>"; };
		C20000000000000000000002 /* AutumnBranchPerformance.swift */ = {isa = PBXFileReference; lastKnownFileType = sourcecode.swift; path = AutumnBranchPerformance.swift; sourceTree = "<group>"; };
		C20000000000000000000003 /* AutumnBranchSceneView.swift */ = {isa = PBXFileReference; lastKnownFileType = sourcecode.swift; path = AutumnBranchSceneView.swift; sourceTree = "<group>"; };
		D20000000000000000000001 /* AutumnOrigamiFlight.swift */ = {isa = PBXFileReference; lastKnownFileType = sourcecode.swift; path = AutumnOrigamiFlight.swift; sourceTree = "<group>"; };
		D20000000000000000000002 /* AutumnOrigamiBirdLayer.swift */ = {isa = PBXFileReference; lastKnownFileType = sourcecode.swift; path = AutumnOrigamiBirdLayer.swift; sourceTree = "<group>"; };
		E20000000000000000000001 /* AutumnDeerEncounter.swift */ = {isa = PBXFileReference; lastKnownFileType = sourcecode.swift; path = AutumnDeerEncounter.swift; sourceTree = "<group>"; };
		E20000000000000000000002 /* AutumnOrigamiDeerLayer.swift */ = {isa = PBXFileReference; lastKnownFileType = sourcecode.swift; path = AutumnOrigamiDeerLayer.swift; sourceTree = "<group>"; };
		F20000000000000000000001 /* PlanetFocusCountdownAttributes.swift */ = {isa = PBXFileReference; lastKnownFileType = sourcecode.swift; path = PlanetFocusCountdownAttributes.swift; sourceTree = "<group>"; };
		F20000000000000000000002 /* LiveActivitySessionCoordinator.swift */ = {isa = PBXFileReference; lastKnownFileType = sourcecode.swift; path = LiveActivitySessionCoordinator.swift; sourceTree = "<group>"; };
		F20000000000000000000003 /* PlanetFocusCountdownLiveActivity.swift */ = {isa = PBXFileReference; lastKnownFileType = sourcecode.swift; path = PlanetFocusCountdownLiveActivity.swift; sourceTree = "<group>"; };
		F20000000000000000000004 /* PlanetCalmLiveActivity.appex */ = {isa = PBXFileReference; explicitFileType = "wrapper.app-extension"; includeInIndex = 0; path = PlanetCalmLiveActivity.appex; sourceTree = BUILT_PRODUCTS_DIR; };
		900100000000000000000003 /* SplashSamplePlan.swift */ = {isa = PBXFileReference; lastKnownFileType = sourcecode.swift; path = SplashSamplePlan.swift; sourceTree = "<group>"; };
		900100000000000000000004 /* PerformanceSampleEngine.swift */ = {isa = PBXFileReference; lastKnownFileType = sourcecode.swift; path = PerformanceSampleEngine.swift; sourceTree = "<group>"; };
/* End PBXFileReference section */

/* Begin PBXFrameworksBuildPhase section */
		A30000000000000000000001 /* Frameworks */ = {
			isa = PBXFrameworksBuildPhase;
			buildActionMask = 2147483647;
			files = (
			);
			runOnlyForDeploymentPostprocessing = 0;
		};
		A30000000000000000000002 /* Frameworks */ = {
			isa = PBXFrameworksBuildPhase;
			buildActionMask = 2147483647;
			files = (
			);
			runOnlyForDeploymentPostprocessing = 0;
		};
		A30000000000000000000004 /* Frameworks */ = {
			isa = PBXFrameworksBuildPhase;
			buildActionMask = 2147483647;
			files = (
			);
			runOnlyForDeploymentPostprocessing = 0;
		};
		F30000000000000000000001 /* Frameworks */ = {
			isa = PBXFrameworksBuildPhase;
			buildActionMask = 2147483647;
			files = (
			);
			runOnlyForDeploymentPostprocessing = 0;
		};
/* End PBXFrameworksBuildPhase section */

/* Begin PBXGroup section */
		A40000000000000000000001 = {
			isa = PBXGroup;
			children = (
				A40000000000000000000002 /* PlanetCalm */,
				A40000000000000000000003 /* PlanetCalmTests */,
				A4000000000000000000000C /* PlanetCalmUITests */,
				F40000000000000000000001 /* PlanetCalmLiveActivity */,
				A40000000000000000000004 /* Products */,
			);
			sourceTree = "<group>";
		};
		A40000000000000000000002 /* PlanetCalm */ = {
			isa = PBXGroup;
			children = (
				A3407D1430538F1000EAE1F3 /* PlanetCalm.entitlements */,
				A20000000000000000000001 /* PlanetCalmApp.swift */,
				A2000000000000000000000D /* Assets.xcassets */,
				A20000000000000000000014 /* Assets/Stories/AutumnTree/SceneV1 */,
				A2000000000000000000001B /* Assets/Stories/AutumnTree/LeafAerodynamicsV1 */,
				A2000000000000000000002E /* Assets/Stories/ContemporaryLotus/PondStageV1 */,
				A20000000000000000000035 /* Assets/Fonts */,
				900100000000000000000002 /* Assets/Audio */,
				A4000000000000000000000E /* Design */,
				A40000000000000000000006 /* Domain */,
				A40000000000000000000007 /* Directors */,
				A4000000000000000000000B /* Physics */,
				A40000000000000000000009 /* Stories */,
				A40000000000000000000008 /* Views */,
			);
			path = PlanetCalm;
			sourceTree = "<group>";
		};
		A40000000000000000000003 /* PlanetCalmTests */ = {
			isa = PBXGroup;
			children = (
				A2000000000000000000000A /* PlanetCalmTests.swift */,
				A20000000000000000000040 /* HealthSessionCoordinatorTests.swift */,
				A20000000000000000000041 /* HealthKitIntegrationTests.swift */,
				A2000000000000000000003E /* SessionHistorySyncPersistenceTests.swift */,
				A2000000000000000000003D /* CloudKitDeviceTests.swift */,
			);
			path = PlanetCalmTests;
			sourceTree = "<group>";
		};
		A40000000000000000000004 /* Products */ = {
			isa = PBXGroup;
			children = (
				A2000000000000000000000B /* PlanetCalm.app */,
				A2000000000000000000000C /* PlanetCalmTests.xctest */,
				A20000000000000000000029 /* PlanetCalmUITests.xctest */,
				F20000000000000000000004 /* PlanetCalmLiveActivity.appex */,
			);
			name = Products;
			sourceTree = "<group>";
		};
		A40000000000000000000006 /* Domain */ = {
			isa = PBXGroup;
			children = (
				A20000000000000000000003 /* FocusSession.swift */,
				A2000000000000000000003A /* SessionLifecycle.swift */,
				A2000000000000000000003C /* SessionHistorySyncCoordinator.swift */,
				A2000000000000000000003F /* HealthSessionCoordinator.swift */,
				A2000000000000000000003B /* SessionHistorySyncState.swift */,
				F20000000000000000000001 /* PlanetFocusCountdownAttributes.swift */,
				F20000000000000000000002 /* LiveActivitySessionCoordinator.swift */,
				A20000000000000000000004 /* Story.swift */,
			);
			path = Domain;
			sourceTree = "<group>";
		};
		A40000000000000000000007 /* Directors */ = {
			isa = PBXGroup;
			children = (
				E20000000000000000000001 /* AutumnDeerEncounter.swift */,
				D20000000000000000000001 /* AutumnOrigamiFlight.swift */,
				C20000000000000000000001 /* PerformanceNoteEvent.swift */,
				C20000000000000000000002 /* AutumnBranchPerformance.swift */,
				B20000000000000000000001 /* SplashMusicDirector.swift */,
				B20000000000000000000002 /* PerformanceSynthesizer.swift */,
				A20000000000000000000005 /* StoryDirector.swift */,
				A2000000000000000000000E /* RandomMomentScheduler.swift */,
				A2000000000000000000000F /* StoryModule.swift */,
				A20000000000000000000010 /* StoryPlayer.swift */,
				A20000000000000000000006 /* AutumnTreeDirector.swift */,
				A2000000000000000000002A /* ContemporaryLotusDirector.swift */,
				A20000000000000000000036 /* SplashAtmosphereDirector.swift */,
				A20000000000000000000037 /* PerformanceRunner.swift */,
				900100000000000000000003 /* SplashSamplePlan.swift */,
				900100000000000000000004 /* PerformanceSampleEngine.swift */,
				900100000000000000000001 /* PerformanceAudioAssetCatalog.swift */,
			);
			path = Directors;
			sourceTree = "<group>";
		};
		A40000000000000000000008 /* Views */ = {
			isa = PBXGroup;
			children = (
				A20000000000000000000038 /* SunriseSkyView.swift */,
				A20000000000000000000039 /* SunriseSky.metal */,
				A20000000000000000000007 /* RootView.swift */,
				A20000000000000000000031 /* SplashScreenView.swift */,
				A20000000000000000000032 /* StoryLibraryView.swift */,
				A2000000000000000000002B /* StorySceneCatalog.swift */,
			);
			path = Views;
			sourceTree = "<group>";
		};
		A40000000000000000000009 /* Stories */ = {
			isa = PBXGroup;
			children = (
				A4000000000000000000000A /* AutumnTree */,
				A4000000000000000000000D /* ContemporaryLotus */,
			);
			path = Stories;
			sourceTree = "<group>";
		};
		A4000000000000000000000A /* AutumnTree */ = {
			isa = PBXGroup;
			children = (
				E20000000000000000000002 /* AutumnOrigamiDeerLayer.swift */,
				D20000000000000000000002 /* AutumnOrigamiBirdLayer.swift */,
				C20000000000000000000003 /* AutumnBranchSceneView.swift */,
				A20000000000000000000013 /* AutumnArtwork.swift */,
			);
			path = AutumnTree;
			sourceTree = "<group>";
		};
		A4000000000000000000000B /* Physics */ = {
			isa = PBXGroup;
			children = (
				A20000000000000000000016 /* SeededRandomNumberGenerator.swift */,
				A20000000000000000000017 /* LeafGravityLabConfiguration.swift */,
				A20000000000000000000018 /* LeafAerodynamics.swift */,
				A2000000000000000000001C /* WindField.swift */,
			);
			path = Physics;
			sourceTree = "<group>";
		};
		A4000000000000000000000C /* PlanetCalmUITests */ = {
			isa = PBXGroup;
			children = (
				A20000000000000000000028 /* PlanetCalmUITests.swift */,
			);
			path = PlanetCalmUITests;
			sourceTree = "<group>";
		};
		A4000000000000000000000D /* ContemporaryLotus */ = {
			isa = PBXGroup;
			children = (
				A2000000000000000000002D /* ContemporaryLotusSceneData.swift */,
				A2000000000000000000002C /* ContemporaryLotusStageView.swift */,
			);
			path = ContemporaryLotus;
			sourceTree = "<group>";
		};
		A4000000000000000000000E /* Design */ = {
			isa = PBXGroup;
			children = (
				A20000000000000000000034 /* PlanetFocusDesign.swift */,
			);
			path = Design;
			sourceTree = "<group>";
		};
		F40000000000000000000001 /* PlanetCalmLiveActivity */ = {
			isa = PBXGroup;
			children = (
				F20000000000000000000003 /* PlanetFocusCountdownLiveActivity.swift */,
			);
			path = PlanetCalmLiveActivity;
			sourceTree = "<group>";
		};
/* End PBXGroup section */

/* Begin PBXNativeTarget section */
		A50000000000000000000001 /* PlanetCalm */ = {
			isa = PBXNativeTarget;
			buildConfigurationList = A60000000000000000000001 /* Build configuration list for PBXNativeTarget "PlanetCalm" */;
			buildPhases = (
				A30000000000000000000001 /* Frameworks */,
				A70000000000000000000001 /* Sources */,
				A30000000000000000000003 /* Resources */,
				F30000000000000000000002 /* Embed App Extensions */,
			);
			buildRules = (
			);
			dependencies = (
				F80000000000000000000001 /* PBXTargetDependency */,
			);
			name = PlanetCalm;
			productName = PlanetCalm;
			productReference = A2000000000000000000000B /* PlanetCalm.app */;
			productType = "com.apple.product-type.application";
		};
		A50000000000000000000002 /* PlanetCalmTests */ = {
			isa = PBXNativeTarget;
			buildConfigurationList = A60000000000000000000002 /* Build configuration list for PBXNativeTarget "PlanetCalmTests" */;
			buildPhases = (
				A30000000000000000000002 /* Frameworks */,
				A70000000000000000000002 /* Sources */,
			);
			buildRules = (
			);
			dependencies = (
				A80000000000000000000001 /* PBXTargetDependency */,
			);
			name = PlanetCalmTests;
			productName = PlanetCalmTests;
			productReference = A2000000000000000000000C /* PlanetCalmTests.xctest */;
			productType = "com.apple.product-type.bundle.unit-test";
		};
		A50000000000000000000003 /* PlanetCalmUITests */ = {
			isa = PBXNativeTarget;
			buildConfigurationList = A60000000000000000000004 /* Build configuration list for PBXNativeTarget "PlanetCalmUITests" */;
			buildPhases = (
				A30000000000000000000004 /* Frameworks */,
				A70000000000000000000003 /* Sources */,
			);
			buildRules = (
			);
			dependencies = (
				A80000000000000000000003 /* PBXTargetDependency */,
			);
			name = PlanetCalmUITests;
			productName = PlanetCalmUITests;
			productReference = A20000000000000000000029 /* PlanetCalmUITests.xctest */;
			productType = "com.apple.product-type.bundle.ui-testing";
		};
		F50000000000000000000001 /* PlanetCalmLiveActivity */ = {
			isa = PBXNativeTarget;
			buildConfigurationList = F60000000000000000000001 /* Build configuration list for PBXNativeTarget "PlanetCalmLiveActivity" */;
			buildPhases = (
				F30000000000000000000001 /* Frameworks */,
				F70000000000000000000001 /* Sources */,
			);
			buildRules = (
			);
			dependencies = (
			);
			name = PlanetCalmLiveActivity;
			productName = PlanetCalmLiveActivity;
			productReference = F20000000000000000000004 /* PlanetCalmLiveActivity.appex */;
			productType = "com.apple.product-type.app-extension";
		};
/* End PBXNativeTarget section */

/* Begin PBXProject section */
		A90000000000000000000001 /* Project object */ = {
			isa = PBXProject;
			attributes = {
				LastSwiftUpdateCheck = 2600;
				LastUpgradeCheck = 2600;
				TargetAttributes = {
					A50000000000000000000001 = {
						CreatedOnToolsVersion = 26.0;
					};
					A50000000000000000000002 = {
						CreatedOnToolsVersion = 26.0;
						TestTargetID = A50000000000000000000001;
					};
					A50000000000000000000003 = {
						CreatedOnToolsVersion = 26.0;
						TestTargetID = A50000000000000000000001;
					};
					F50000000000000000000001 = {
						CreatedOnToolsVersion = 26.0;
					};
				};
			};
			buildConfigurationList = A60000000000000000000003 /* Build configuration list for PBXProject "PlanetCalm" */;
			compatibilityVersion = "Xcode 16.0";
			developmentRegion = en;
			hasScannedForEncodings = 0;
			knownRegions = (
				en,
				Base,
			);
			mainGroup = A40000000000000000000001;
			productRefGroup = A40000000000000000000004 /* Products */;
			projectDirPath = "";
			projectRoot = "";
			targets = (
				A50000000000000000000001 /* PlanetCalm */,
				A50000000000000000000002 /* PlanetCalmTests */,
				A50000000000000000000003 /* PlanetCalmUITests */,
				F50000000000000000000001 /* PlanetCalmLiveActivity */,
			);
		};
/* End PBXProject section */

/* Begin PBXResourcesBuildPhase section */
		A30000000000000000000003 /* Resources */ = {
			isa = PBXResourcesBuildPhase;
			buildActionMask = 2147483647;
			files = (
				A1000000000000000000000B /* Assets.xcassets in Resources */,
				A10000000000000000000014 /* Assets/Stories/AutumnTree/SceneV1 in Resources */,
				A1000000000000000000001B /* Assets/Stories/AutumnTree/LeafAerodynamicsV1 in Resources */,
				A1000000000000000000002E /* Assets/Stories/ContemporaryLotus/PondStageV1 in Resources */,
				A10000000000000000000035 /* Assets/Fonts in Resources */,
				900000000000000000000002 /* Assets/Audio in Resources */,
			);
			runOnlyForDeploymentPostprocessing = 0;
		};
/* End PBXResourcesBuildPhase section */

/* Begin PBXSourcesBuildPhase section */
		A70000000000000000000001 /* Sources */ = {
			isa = PBXSourcesBuildPhase;
			buildActionMask = 2147483647;
			files = (
				E10000000000000000000001 /* AutumnDeerEncounter.swift in Sources */,
				E10000000000000000000002 /* AutumnOrigamiDeerLayer.swift in Sources */,
				D10000000000000000000001 /* AutumnOrigamiFlight.swift in Sources */,
				D10000000000000000000002 /* AutumnOrigamiBirdLayer.swift in Sources */,
				C10000000000000000000001 /* PerformanceNoteEvent.swift in Sources */,
				C10000000000000000000002 /* AutumnBranchPerformance.swift in Sources */,
				C10000000000000000000003 /* AutumnBranchSceneView.swift in Sources */,
				B10000000000000000000001 /* SplashMusicDirector.swift in Sources */,
				900000000000000000000003 /* SplashSamplePlan.swift in Sources */,
				900000000000000000000004 /* PerformanceSampleEngine.swift in Sources */,
				900000000000000000000001 /* PerformanceAudioAssetCatalog.swift in Sources */,
				B10000000000000000000002 /* PerformanceSynthesizer.swift in Sources */,
				A10000000000000000000038 /* SunriseSkyView.swift in Sources */,
				A10000000000000000000039 /* SunriseSky.metal in Sources */,
				A10000000000000000000034 /* PlanetFocusDesign.swift in Sources */,
				A10000000000000000000036 /* SplashAtmosphereDirector.swift in Sources */,
				A10000000000000000000037 /* PerformanceRunner.swift in Sources */,
				A10000000000000000000031 /* SplashScreenView.swift in Sources */,
				A10000000000000000000032 /* StoryLibraryView.swift in Sources */,
				A1000000000000000000002D /* ContemporaryLotusSceneData.swift in Sources */,
				A10000000000000000000001 /* PlanetCalmApp.swift in Sources */,
				A10000000000000000000003 /* FocusSession.swift in Sources */,
				A1000000000000000000003A /* SessionLifecycle.swift in Sources */,
				A1000000000000000000003C /* SessionHistorySyncCoordinator.swift in Sources */,
				A1000000000000000000003F /* HealthSessionCoordinator.swift in Sources */,
				A1000000000000000000003B /* SessionHistorySyncState.swift in Sources */,
				F10000000000000000000001 /* PlanetFocusCountdownAttributes.swift in Sources */,
				F10000000000000000000002 /* LiveActivitySessionCoordinator.swift in Sources */,
				A10000000000000000000004 /* Story.swift in Sources */,
				A10000000000000000000005 /* StoryDirector.swift in Sources */,
				A1000000000000000000000E /* RandomMomentScheduler.swift in Sources */,
				A1000000000000000000000F /* StoryModule.swift in Sources */,
				A10000000000000000000010 /* StoryPlayer.swift in Sources */,
				A10000000000000000000006 /* AutumnTreeDirector.swift in Sources */,
				A1000000000000000000002A /* ContemporaryLotusDirector.swift in Sources */,
				A10000000000000000000016 /* SeededRandomNumberGenerator.swift in Sources */,
				A10000000000000000000017 /* LeafGravityLabConfiguration.swift in Sources */,
				A10000000000000000000018 /* LeafAerodynamics.swift in Sources */,
				A1000000000000000000001C /* WindField.swift in Sources */,
				A10000000000000000000013 /* AutumnArtwork.swift in Sources */,
				A10000000000000000000007 /* RootView.swift in Sources */,
				A1000000000000000000002B /* StorySceneCatalog.swift in Sources */,
				A1000000000000000000002C /* ContemporaryLotusStageView.swift in Sources */,
			);
			runOnlyForDeploymentPostprocessing = 0;
		};
		A70000000000000000000002 /* Sources */ = {
			isa = PBXSourcesBuildPhase;
			buildActionMask = 2147483647;
			files = (
				A1000000000000000000000A /* PlanetCalmTests.swift in Sources */,
				A10000000000000000000040 /* HealthSessionCoordinatorTests.swift in Sources */,
				A10000000000000000000041 /* HealthKitIntegrationTests.swift in Sources */,
				A1000000000000000000003E /* SessionHistorySyncPersistenceTests.swift in Sources */,
				A1000000000000000000003D /* CloudKitDeviceTests.swift in Sources */,
			);
			runOnlyForDeploymentPostprocessing = 0;
		};
		A70000000000000000000003 /* Sources */ = {
			isa = PBXSourcesBuildPhase;
			buildActionMask = 2147483647;
			files = (
				A10000000000000000000028 /* PlanetCalmUITests.swift in Sources */,
			);
			runOnlyForDeploymentPostprocessing = 0;
		};
		F70000000000000000000001 /* Sources */ = {
			isa = PBXSourcesBuildPhase;
			buildActionMask = 2147483647;
			files = (
				F10000000000000000000003 /* PlanetFocusCountdownAttributes.swift in Sources */,
				F10000000000000000000004 /* PlanetFocusCountdownLiveActivity.swift in Sources */,
			);
			runOnlyForDeploymentPostprocessing = 0;
		};
/* End PBXSourcesBuildPhase section */

/* Begin PBXTargetDependency section */
		A80000000000000000000001 /* PBXTargetDependency */ = {
			isa = PBXTargetDependency;
			target = A50000000000000000000001 /* PlanetCalm */;
			targetProxy = A80000000000000000000002 /* PBXContainerItemProxy */;
		};
		A80000000000000000000003 /* PBXTargetDependency */ = {
			isa = PBXTargetDependency;
			target = A50000000000000000000001 /* PlanetCalm */;
			targetProxy = A80000000000000000000004 /* PBXContainerItemProxy */;
		};
		F80000000000000000000001 /* PBXTargetDependency */ = {
			isa = PBXTargetDependency;
			target = F50000000000000000000001 /* PlanetCalmLiveActivity */;
			targetProxy = F80000000000000000000002 /* PBXContainerItemProxy */;
		};
/* End PBXTargetDependency section */

/* Begin XCBuildConfiguration section */
		AA0000000000000000000001 /* Debug */ = {
			isa = XCBuildConfiguration;
			buildSettings = {
				ALWAYS_SEARCH_USER_PATHS = NO;
				CLANG_ENABLE_MODULES = YES;
				CLANG_ENABLE_OBJC_ARC = YES;
				CLANG_WARN_DOCUMENTATION_COMMENTS = YES;
				GCC_C_LANGUAGE_STANDARD = gnu17;
				SDKROOT = iphoneos;
				SUPPORTED_PLATFORMS = "iphoneos iphonesimulator";
				SWIFT_ACTIVE_COMPILATION_CONDITIONS = "$(inherited) DEBUG";
				SWIFT_VERSION = 6.0;
			};
			name = Debug;
		};
		AA0000000000000000000002 /* Release */ = {
			isa = XCBuildConfiguration;
			buildSettings = {
				ALWAYS_SEARCH_USER_PATHS = NO;
				CLANG_ENABLE_MODULES = YES;
				CLANG_ENABLE_OBJC_ARC = YES;
				CLANG_WARN_DOCUMENTATION_COMMENTS = YES;
				GCC_C_LANGUAGE_STANDARD = gnu17;
				SDKROOT = iphoneos;
				SUPPORTED_PLATFORMS = "iphoneos iphonesimulator";
				SWIFT_VERSION = 6.0;
			};
			name = Release;
		};
		AA0000000000000000000003 /* Debug */ = {
			isa = XCBuildConfiguration;
			buildSettings = {
				ASSETCATALOG_COMPILER_APPICON_NAME = AppIcon;
				CODE_SIGN_ENTITLEMENTS = PlanetCalm/PlanetCalm.entitlements;
				ICLOUD_CONTAINER_ENVIRONMENT = Development;
				CODE_SIGN_STYLE = Automatic;
				CURRENT_PROJECT_VERSION = 1;
				DEVELOPMENT_TEAM = V88J4N5A7U;
				ENABLE_PREVIEWS = YES;
				ENABLE_TESTABILITY = YES;
				GENERATE_INFOPLIST_FILE = YES;
				INFOPLIST_KEY_CFBundleDisplayName = "Planet Focus";
				INFOPLIST_FILE = PlanetCalm/Info.plist;
				INFOPLIST_KEY_NSSupportsLiveActivities = YES;
				INFOPLIST_KEY_UIApplicationSceneManifest_Generation = YES;
				INFOPLIST_KEY_UILaunchScreen_Generation = YES;
				INFOPLIST_KEY_UISupportedInterfaceOrientations_iPad = "UIInterfaceOrientationPortrait UIInterfaceOrientationPortraitUpsideDown UIInterfaceOrientationLandscapeLeft UIInterfaceOrientationLandscapeRight";
				INFOPLIST_KEY_UISupportedInterfaceOrientations_iPhone = "UIInterfaceOrientationPortrait UIInterfaceOrientationLandscapeLeft UIInterfaceOrientationLandscapeRight";
				IPHONEOS_DEPLOYMENT_TARGET = 17.0;
				MARKETING_VERSION = 0.1;
				PRODUCT_BUNDLE_IDENTIFIER = com.planetcalm.app;
				PRODUCT_NAME = "$(TARGET_NAME)";
				SDKROOT = iphoneos;
				SUPPORTED_PLATFORMS = "iphoneos iphonesimulator";
				SWIFT_EMIT_LOC_STRINGS = YES;
				TARGETED_DEVICE_FAMILY = "1,2";
			};
			name = Debug;
		};
		AA0000000000000000000004 /* Release */ = {
			isa = XCBuildConfiguration;
			buildSettings = {
				ASSETCATALOG_COMPILER_APPICON_NAME = AppIcon;
				CODE_SIGN_ENTITLEMENTS = PlanetCalm/PlanetCalm.entitlements;
				ICLOUD_CONTAINER_ENVIRONMENT = Production;
				CODE_SIGN_STYLE = Automatic;
				CURRENT_PROJECT_VERSION = 1;
				DEVELOPMENT_TEAM = V88J4N5A7U;
				ENABLE_PREVIEWS = YES;
				GENERATE_INFOPLIST_FILE = YES;
				INFOPLIST_KEY_CFBundleDisplayName = "Planet Focus";
				INFOPLIST_FILE = PlanetCalm/Info.plist;
				INFOPLIST_KEY_NSSupportsLiveActivities = YES;
				INFOPLIST_KEY_UIApplicationSceneManifest_Generation = YES;
				INFOPLIST_KEY_UILaunchScreen_Generation = YES;
				INFOPLIST_KEY_UISupportedInterfaceOrientations_iPad = "UIInterfaceOrientationPortrait UIInterfaceOrientationPortraitUpsideDown UIInterfaceOrientationLandscapeLeft UIInterfaceOrientationLandscapeRight";
				INFOPLIST_KEY_UISupportedInterfaceOrientations_iPhone = "UIInterfaceOrientationPortrait UIInterfaceOrientationLandscapeLeft UIInterfaceOrientationLandscapeRight";
				IPHONEOS_DEPLOYMENT_TARGET = 17.0;
				MARKETING_VERSION = 0.1;
				PRODUCT_BUNDLE_IDENTIFIER = com.planetcalm.app;
				PRODUCT_NAME = "$(TARGET_NAME)";
				SDKROOT = iphoneos;
				SUPPORTED_PLATFORMS = "iphoneos iphonesimulator";
				SWIFT_EMIT_LOC_STRINGS = YES;
				TARGETED_DEVICE_FAMILY = "1,2";
			};
			name = Release;
		};
		AA0000000000000000000005 /* Debug */ = {
			isa = XCBuildConfiguration;
			buildSettings = {
				BUNDLE_LOADER = "$(TEST_HOST)";
				GENERATE_INFOPLIST_FILE = YES;
				IPHONEOS_DEPLOYMENT_TARGET = 17.0;
				PRODUCT_BUNDLE_IDENTIFIER = com.planetcalm.app.tests;
				PRODUCT_NAME = "$(TARGET_NAME)";
				SKIP_INSTALL = YES;
				SWIFT_VERSION = 6.0;
				TARGETED_DEVICE_FAMILY = "1,2";
				TEST_HOST = "$(BUILT_PRODUCTS_DIR)/PlanetCalm.app/$(BUNDLE_EXECUTABLE_FOLDER_PATH)/PlanetCalm";
				WRAPPER_EXTENSION = xctest;
			};
			name = Debug;
		};
		AA0000000000000000000006 /* Release */ = {
			isa = XCBuildConfiguration;
			buildSettings = {
				BUNDLE_LOADER = "$(TEST_HOST)";
				GENERATE_INFOPLIST_FILE = YES;
				IPHONEOS_DEPLOYMENT_TARGET = 17.0;
				PRODUCT_BUNDLE_IDENTIFIER = com.planetcalm.app.tests;
				PRODUCT_NAME = "$(TARGET_NAME)";
				SKIP_INSTALL = YES;
				SWIFT_VERSION = 6.0;
				TARGETED_DEVICE_FAMILY = "1,2";
				TEST_HOST = "$(BUILT_PRODUCTS_DIR)/PlanetCalm.app/$(BUNDLE_EXECUTABLE_FOLDER_PATH)/PlanetCalm";
				WRAPPER_EXTENSION = xctest;
			};
			name = Release;
		};
		AA0000000000000000000007 /* Debug */ = {
			isa = XCBuildConfiguration;
			buildSettings = {
				CODE_SIGN_STYLE = Automatic;
				GENERATE_INFOPLIST_FILE = YES;
				IPHONEOS_DEPLOYMENT_TARGET = 17.0;
				PRODUCT_BUNDLE_IDENTIFIER = com.planetcalm.app.uitests;
				PRODUCT_NAME = "$(TARGET_NAME)";
				SDKROOT = iphoneos;
				SWIFT_VERSION = 6.0;
				TARGETED_DEVICE_FAMILY = "1,2";
				TEST_TARGET_NAME = PlanetCalm;
			};
			name = Debug;
		};
		AA0000000000000000000008 /* Release */ = {
			isa = XCBuildConfiguration;
			buildSettings = {
				CODE_SIGN_STYLE = Automatic;
				GENERATE_INFOPLIST_FILE = YES;
				IPHONEOS_DEPLOYMENT_TARGET = 17.0;
				PRODUCT_BUNDLE_IDENTIFIER = com.planetcalm.app.uitests;
				PRODUCT_NAME = "$(TARGET_NAME)";
				SDKROOT = iphoneos;
				SWIFT_VERSION = 6.0;
				TARGETED_DEVICE_FAMILY = "1,2";
				TEST_TARGET_NAME = PlanetCalm;
			};
			name = Release;
		};
		F90000000000000000000001 /* Debug */ = {
			isa = XCBuildConfiguration;
			buildSettings = {
				APPLICATION_EXTENSION_API_ONLY = YES;
				CODE_SIGN_STYLE = Automatic;
				CURRENT_PROJECT_VERSION = 1;
				DEVELOPMENT_TEAM = V88J4N5A7U;
				GENERATE_INFOPLIST_FILE = NO;
				INFOPLIST_FILE = PlanetCalmLiveActivity/Info.plist;
				IPHONEOS_DEPLOYMENT_TARGET = 17.0;
				MARKETING_VERSION = 0.1;
				PRODUCT_BUNDLE_IDENTIFIER = com.planetcalm.app.liveactivity;
				PRODUCT_NAME = "$(TARGET_NAME)";
				SKIP_INSTALL = YES;
				SWIFT_VERSION = 6.0;
				TARGETED_DEVICE_FAMILY = "1,2";
			};
			name = Debug;
		};
		F90000000000000000000002 /* Release */ = {
			isa = XCBuildConfiguration;
			buildSettings = {
				APPLICATION_EXTENSION_API_ONLY = YES;
				CODE_SIGN_STYLE = Automatic;
				CURRENT_PROJECT_VERSION = 1;
				DEVELOPMENT_TEAM = V88J4N5A7U;
				GENERATE_INFOPLIST_FILE = NO;
				INFOPLIST_FILE = PlanetCalmLiveActivity/Info.plist;
				IPHONEOS_DEPLOYMENT_TARGET = 17.0;
				MARKETING_VERSION = 0.1;
				PRODUCT_BUNDLE_IDENTIFIER = com.planetcalm.app.liveactivity;
				PRODUCT_NAME = "$(TARGET_NAME)";
				SKIP_INSTALL = YES;
				SWIFT_VERSION = 6.0;
				TARGETED_DEVICE_FAMILY = "1,2";
			};
			name = Release;
		};
/* End XCBuildConfiguration section */

/* Begin XCConfigurationList section */
		A60000000000000000000001 /* Build configuration list for PBXNativeTarget "PlanetCalm" */ = {
			isa = XCConfigurationList;
			buildConfigurations = (
				AA0000000000000000000003 /* Debug */,
				AA0000000000000000000004 /* Release */,
			);
			defaultConfigurationIsVisible = 0;
			defaultConfigurationName = Release;
		};
		A60000000000000000000002 /* Build configuration list for PBXNativeTarget "PlanetCalmTests" */ = {
			isa = XCConfigurationList;
			buildConfigurations = (
				AA0000000000000000000005 /* Debug */,
				AA0000000000000000000006 /* Release */,
			);
			defaultConfigurationIsVisible = 0;
			defaultConfigurationName = Release;
		};
		A60000000000000000000003 /* Build configuration list for PBXProject "PlanetCalm" */ = {
			isa = XCConfigurationList;
			buildConfigurations = (
				AA0000000000000000000001 /* Debug */,
				AA0000000000000000000002 /* Release */,
			);
			defaultConfigurationIsVisible = 0;
			defaultConfigurationName = Release;
		};
		A60000000000000000000004 /* Build configuration list for PBXNativeTarget "PlanetCalmUITests" */ = {
			isa = XCConfigurationList;
			buildConfigurations = (
				AA0000000000000000000007 /* Debug */,
				AA0000000000000000000008 /* Release */,
			);
			defaultConfigurationIsVisible = 0;
			defaultConfigurationName = Release;
		};
		F60000000000000000000001 /* Build configuration list for PBXNativeTarget "PlanetCalmLiveActivity" */ = {
			isa = XCConfigurationList;
			buildConfigurations = (
				F90000000000000000000001 /* Debug */,
				F90000000000000000000002 /* Release */,
			);
			defaultConfigurationIsVisible = 0;
			defaultConfigurationName = Release;
		};
/* End XCConfigurationList section */
	};
	rootObject = A90000000000000000000001 /* Project object */;
}
